<?xml version="1.0" encoding="utf-8"?>
<Project ToolsVersion="4.0" xmlns="http://schemas.microsoft.com/developer/msbuild/2003">
  <ItemGroup>
    <Filter Include="源文件">
      <UniqueIdentifier>{4FC737F1-C7A5-4376-A066-2A32D752A2FF}</UniqueIdentifier>
      <Extensions>cpp;c;cc;cxx;def;odl;idl;hpj;bat;asm;asmx</Extensions>
    </Filter>
    <Filter Include="头文件">
      <UniqueIdentifier>{93995380-89BD-4b04-88EB-625FBE52EBFB}</UniqueIdentifier>
      <Extensions>h;hh;hpp;hxx;hm;inl;inc;xsd</Extensions>
    </Filter>
    <Filter Include="资源文件">
      <UniqueIdentifier>{67DA6AB6-F800-4c08-8B7A-83BB121AAD01}</UniqueIdentifier>
      <Extensions>rc;ico;cur;bmp;dlg;rc2;rct;bin;rgs;gif;jpg;jpeg;jpe;resx;tiff;tif;png;wav;mfcribbon-ms</Extensions>
    </Filter>
    <Filter Include="source">
      <UniqueIdentifier>{ea500264-5ab9-414b-8e56-e1e92b7c7623}</UniqueIdentifier>
    </Filter>
    <Filter Include="source\unicode">
      <UniqueIdentifier>{73dbb781-8951-45e3-b9f4-a08ca24669a7}</UniqueIdentifier>
    </Filter>
  </ItemGroup>
  <ItemGroup>
    <ClInclude Include="unicode\uidna.h">
      <Filter>source\unicode</Filter>
    </ClInclude>
    <ClInclude Include="unicode\localpointer.h">
      <Filter>source\unicode</Filter>
    </ClInclude>
    <ClInclude Include="unicode\parseerr.h">
      <Filter>source\unicode</Filter>
    </ClInclude>
    <ClInclude Include="unicode\platform.h">
      <Filter>source\unicode</Filter>
    </ClInclude>
    <ClInclude Include="unicode\ptypes.h">
      <Filter>source\unicode</Filter>
    </ClInclude>
    <ClInclude Include="unicode\uconfig.h">
      <Filter>source\unicode</Filter>
    </ClInclude>
    <ClInclude Include="unicode\umachine.h">
      <Filter>source\unicode</Filter>
    </ClInclude>
    <ClInclude Include="unicode\urename.h">
      <Filter>source\unicode</Filter>
    </ClInclude>
    <ClInclude Include="unicode\utf.h">
      <Filter>source\unicode</Filter>
    </ClInclude>
    <ClInclude Include="unicode\utf_old.h">
      <Filter>source\unicode</Filter>
    </ClInclude>
    <ClInclude Include="unicode\utf8.h">
      <Filter>source\unicode</Filter>
    </ClInclude>
    <ClInclude Include="unicode\utf16.h">
      <Filter>source\unicode</Filter>
    </ClInclude>
    <ClInclude Include="unicode\utypes.h">
      <Filter>source\unicode</Filter>
    </ClInclude>
    <ClInclude Include="unicode\uvernum.h">
      <Filter>source\unicode</Filter>
    </ClInclude>
    <ClInclude Include="unicode\uversion.h">
      <Filter>source\unicode</Filter>
    </ClInclude>
  </ItemGroup>
  <ItemGroup>
    <None Include="ClassDiagram.cd" />
    <None Include="Makefile.in" />
  </ItemGroup>
  <ItemGroup>
    <ClCompile Include="main.cpp">
      <Filter>源文件</Filter>
    </ClCompile>
    <ClCompile Include="uts46.cpp">
      <Filter>源文件</Filter>
    </ClCompile>
  </ItemGroup>
</Project>