<?xml version="1.0" encoding="utf-8"?>
<Project ToolsVersion="4.0" xmlns="http://schemas.microsoft.com/developer/msbuild/2003">
  <ItemGroup>
    <Filter Include="源文件">
      <UniqueIdentifier>{4FC737F1-C7A5-4376-A066-2A32D752A2FF}</UniqueIdentifier>
      <Extensions>cpp;c;cc;cxx;def;odl;idl;hpj;bat;asm;asmx</Extensions>
    </Filter>
    <Filter Include="头文件">
      <UniqueIdentifier>{93995380-89BD-4b04-88EB-625FBE52EBFB}</UniqueIdentifier>
      <Extensions>h;hh;hpp;hxx;hm;inl;inc;xsd</Extensions>
    </Filter>
    <Filter Include="资源文件">
      <UniqueIdentifier>{67DA6AB6-F800-4c08-8B7A-83BB121AAD01}</UniqueIdentifier>
      <Extensions>rc;ico;cur;bmp;dlg;rc2;rct;bin;rgs;gif;jpg;jpeg;jpe;resx;tiff;tif;png;wav;mfcribbon-ms</Extensions>
    </Filter>
  </ItemGroup>
  <ItemGroup>
    <None Include="ClassDiagram.cd" />
    <None Include="Makefile.in" />
  </ItemGroup>
  <ItemGroup>
    <ClCompile Include="main.cpp">
      <Filter>源文件</Filter>
    </ClCompile>
    <ClCompile Include="uts46.cpp">
      <Filter>源文件</Filter>
    </ClCompile>
    <ClCompile Include="uobject.cpp">
      <Filter>源文件</Filter>
    </ClCompile>
    <ClCompile Include="cmemory.c">
      <Filter>源文件</Filter>
    </ClCompile>
    <ClCompile Include="unistr.cpp">
      <Filter>源文件</Filter>
    </ClCompile>
    <ClCompile Include="uvector.cpp">
      <Filter>源文件</Filter>
    </ClCompile>
    <ClCompile Include="ustring.cpp">
      <Filter>源文件</Filter>
    </ClCompile>
    <ClCompile Include="ubidi_props.c">
      <Filter>源文件</Filter>
    </ClCompile>
    <ClCompile Include="uchar.c">
      <Filter>源文件</Filter>
    </ClCompile>
    <ClCompile Include="punycode.cpp">
      <Filter>源文件</Filter>
    </ClCompile>
    <ClCompile Include="uarrsort.c">
      <Filter>源文件</Filter>
    </ClCompile>
    <ClCompile Include="uinvchar.c">
      <Filter>源文件</Filter>
    </ClCompile>
    <ClCompile Include="normalizer2.cpp">
      <Filter>源文件</Filter>
    </ClCompile>
    <ClCompile Include="normalizer2impl.cpp">
      <Filter>源文件</Filter>
    </ClCompile>
    <ClCompile Include="loadednormalizer2impl.cpp">
      <Filter>源文件</Filter>
    </ClCompile>
    <ClCompile Include="udatamem.c">
      <Filter>源文件</Filter>
    </ClCompile>
    <ClCompile Include="umutex.cpp">
      <Filter>源文件</Filter>
    </ClCompile>
    <ClCompile Include="utrie2.cpp">
      <Filter>源文件</Filter>
    </ClCompile>
    <ClCompile Include="ucln_cmn.cpp">
      <Filter>源文件</Filter>
    </ClCompile>
    <ClCompile Include="uhash.c">
      <Filter>源文件</Filter>
    </ClCompile>
    <ClCompile Include="uniset.cpp">
      <Filter>源文件</Filter>
    </ClCompile>
    <ClCompile Include="bmpset.cpp">
      <Filter>源文件</Filter>
    </ClCompile>
    <ClCompile Include="unifunct.cpp">
      <Filter>源文件</Filter>
    </ClCompile>
    <ClCompile Include="utf_impl.c">
      <Filter>源文件</Filter>
    </ClCompile>
    <ClCompile Include="utrie2_builder.cpp">
      <Filter>源文件</Filter>
    </ClCompile>
    <ClCompile Include="umapfile.c">
      <Filter>源文件</Filter>
    </ClCompile>
    <ClCompile Include="ucmndata.c">
      <Filter>源文件</Filter>
    </ClCompile>
    <ClCompile Include="unifilt.cpp">
      <Filter>源文件</Filter>
    </ClCompile>
    <ClCompile Include="patternprops.cpp">
      <Filter>源文件</Filter>
    </ClCompile>
    <ClCompile Include="util.cpp">
      <Filter>源文件</Filter>
    </ClCompile>
    <ClCompile Include="unisetspan.cpp">
      <Filter>源文件</Filter>
    </ClCompile>
    <ClCompile Include="ustrtrns.cpp">
      <Filter>源文件</Filter>
    </ClCompile>
    <ClCompile Include="ucol_swp.cpp">
      <Filter>源文件</Filter>
    </ClCompile>
    <ClCompile Include="udataswp.c">
      <Filter>源文件</Filter>
    </ClCompile>
    <ClCompile Include="cwchar.c">
      <Filter>源文件</Filter>
    </ClCompile>
    <ClCompile Include="uidna.cpp">
      <Filter>源文件</Filter>
    </ClCompile>
  </ItemGroup>
</Project>